// !$*UTF8*$!
{
	archiveVersion = 1;
	classes = {
	};
	objectVersion = 46;
	objects = {

/* Begin PBXAggregateTarget section */
		"OMScrollableChart::OMScrollableChartPackageTests::ProductTarget" /* OMScrollableChartPackageTests */ = {
			isa = PBXAggregateTarget;
			buildConfigurationList = OBJ_115 /* Build configuration list for PBXAggregateTarget "OMScrollableChartPackageTests" */;
			buildPhases = (
			);
			dependencies = (
				OBJ_118 /* PBXTargetDependency */,
			);
			name = OMScrollableChartPackageTests;
			productName = OMScrollableChartPackageTests;
		};
/* End PBXAggregateTarget section */

/* Begin PBXBuildFile section */
		D17A586F2559FB580016A698 /* TestUtils.swift in Sources */ = {isa = PBXBuildFile; fileRef = D17A586E2559FB580016A698 /* TestUtils.swift */; };
		D1D16B6525D684AA007FEDD3 /* OMScrollableChart+Stadistics.swift in Sources */ = {isa = PBXBuildFile; fileRef = D1D16B3F25D684A8007FEDD3 /* OMScrollableChart+Stadistics.swift */; };
		D1D16B6625D684AA007FEDD3 /* OMScrollableChart+Path.swift in Sources */ = {isa = PBXBuildFile; fileRef = D1D16B4025D684A8007FEDD3 /* OMScrollableChart+Path.swift */; };
		D1D16B6925D684AA007FEDD3 /* OMScrollableChart+Simplify.swift in Sources */ = {isa = PBXBuildFile; fileRef = D1D16B4325D684A8007FEDD3 /* OMScrollableChart+Simplify.swift */; };
		D1D16B6A25D684AA007FEDD3 /* OMScrollableChart+RenderLocatorProtocol.swift in Sources */ = {isa = PBXBuildFile; fileRef = D1D16B4425D684A8007FEDD3 /* OMScrollableChart+RenderLocatorProtocol.swift */; };
		D1D16B6C25D684AA007FEDD3 /* OMScrollableLeadingChartRule.swift in Sources */ = {isa = PBXBuildFile; fileRef = D1D16B4625D684A8007FEDD3 /* OMScrollableLeadingChartRule.swift */; };
		D1D16B7025D684AA007FEDD3 /* OMScrollableChart+Tooltip.swift in Sources */ = {isa = PBXBuildFile; fileRef = D1D16B4C25D684A9007FEDD3 /* OMScrollableChart+Tooltip.swift */; };
		D1D16B7225D684AA007FEDD3 /* UIScrollView+Extensions.swift in Sources */ = {isa = PBXBuildFile; fileRef = D1D16B4E25D684A9007FEDD3 /* UIScrollView+Extensions.swift */; };
		D1D16B7325D684AA007FEDD3 /* OMScrollableChart+Selection.swift in Sources */ = {isa = PBXBuildFile; fileRef = D1D16B4F25D684A9007FEDD3 /* OMScrollableChart+Selection.swift */; };
		D1D16B7425D684AA007FEDD3 /* OMScrollableChart+Renders.swift in Sources */ = {isa = PBXBuildFile; fileRef = D1D16B5025D684A9007FEDD3 /* OMScrollableChart+Renders.swift */; };
		D1D16B7525D684AA007FEDD3 /* OMScrollableChart+Rules.swift in Sources */ = {isa = PBXBuildFile; fileRef = D1D16B5225D684A9007FEDD3 /* OMScrollableChart+Rules.swift */; };
		D1D16B7625D684AA007FEDD3 /* DiscreteScaledPointsGenerator.swift in Sources */ = {isa = PBXBuildFile; fileRef = D1D16B5325D684A9007FEDD3 /* DiscreteScaledPointsGenerator.swift */; };
		D1D16B7925D684AA007FEDD3 /* OMScrollableChart+Animations.swift in Sources */ = {isa = PBXBuildFile; fileRef = D1D16B5725D684A9007FEDD3 /* OMScrollableChart+Animations.swift */; };
		D1D16B7F25D684AA007FEDD3 /* OMScrollableChart+Regression.swift in Sources */ = {isa = PBXBuildFile; fileRef = D1D16B5E25D684A9007FEDD3 /* OMScrollableChart+Regression.swift */; };
		D1D16B8325D684AA007FEDD3 /* OMScrollableChart+PathRide.swift in Sources */ = {isa = PBXBuildFile; fileRef = D1D16B6325D684A9007FEDD3 /* OMScrollableChart+PathRide.swift */; };
		D1D16B8425D684AA007FEDD3 /* OMScrollableChart.swift in Sources */ = {isa = PBXBuildFile; fileRef = D1D16B6425D684A9007FEDD3 /* OMScrollableChart.swift */; };
		D1D16DB025DC56AA007FEDD3 /* LibControl.framework in Frameworks */ = {isa = PBXBuildFile; fileRef = D1D16DA525DC5692007FEDD3 /* LibControl.framework */; };
		D1D16DB125DC56AE007FEDD3 /* OMBubbleTextView.framework in Frameworks */ = {isa = PBXBuildFile; fileRef = D1D16D9625DC5685007FEDD3 /* OMBubbleTextView.framework */; };
		D1D16E0825DC963F007FEDD3 /* RenderEngine.swift in Sources */ = {isa = PBXBuildFile; fileRef = D1D16E0725DC963F007FEDD3 /* RenderEngine.swift */; };
		OBJ_113 /* Package.swift in Sources */ = {isa = PBXBuildFile; fileRef = OBJ_6 /* Package.swift */; };
		OBJ_124 /* OMScrollableChartTests.swift in Sources */ = {isa = PBXBuildFile; fileRef = OBJ_58 /* OMScrollableChartTests.swift */; };
		OBJ_125 /* XCTestManifests.swift in Sources */ = {isa = PBXBuildFile; fileRef = OBJ_59 /* XCTestManifests.swift */; };
		OBJ_127 /* OMScrollableChart.framework in Frameworks */ = {isa = PBXBuildFile; fileRef = "OMScrollableChart::OMScrollableChart::Product" /* OMScrollableChart.framework */; };
/* End PBXBuildFile section */

/* Begin PBXContainerItemProxy section */
		D17A58622559F85C0016A698 /* PBXContainerItemProxy */ = {
			isa = PBXContainerItemProxy;
			containerPortal = OBJ_1 /* Project object */;
			proxyType = 1;
			remoteGlobalIDString = "OMScrollableChart::OMScrollableChart";
			remoteInfo = OMScrollableChart;
		};
		D17A58652559F8650016A698 /* PBXContainerItemProxy */ = {
			isa = PBXContainerItemProxy;
			containerPortal = OBJ_1 /* Project object */;
			proxyType = 1;
			remoteGlobalIDString = "OMScrollableChart::OMScrollableChartTests";
			remoteInfo = OMScrollableChartTests;
		};
		D1D16D9525DC5685007FEDD3 /* PBXContainerItemProxy */ = {
			isa = PBXContainerItemProxy;
			containerPortal = D1D16D8D25DC5685007FEDD3 /* OMBubbleTextView.xcodeproj */;
			proxyType = 2;
			remoteGlobalIDString = "OMBubbleTextView::OMBubbleTextView::Product";
			remoteInfo = OMBubbleTextView;
		};
		D1D16D9725DC5685007FEDD3 /* PBXContainerItemProxy */ = {
			isa = PBXContainerItemProxy;
			containerPortal = D1D16D8D25DC5685007FEDD3 /* OMBubbleTextView.xcodeproj */;
			proxyType = 2;
			remoteGlobalIDString = "OMBubbleTextView::OMBubbleTextViewTests::Product";
			remoteInfo = OMBubbleTextViewTests;
		};
		D1D16DA425DC5692007FEDD3 /* PBXContainerItemProxy */ = {
			isa = PBXContainerItemProxy;
			containerPortal = D1D16D9D25DC5692007FEDD3 /* LibControl.xcodeproj */;
			proxyType = 2;
			remoteGlobalIDString = "LibControl::LibControl::Product";
			remoteInfo = LibControl;
		};
		D1D16DA625DC5692007FEDD3 /* PBXContainerItemProxy */ = {
			isa = PBXContainerItemProxy;
			containerPortal = D1D16D9D25DC5692007FEDD3 /* LibControl.xcodeproj */;
			proxyType = 2;
			remoteGlobalIDString = "LibControl::LibControlTests::Product";
			remoteInfo = LibControlTests;
		};
		D1D16DAC25DC569E007FEDD3 /* PBXContainerItemProxy */ = {
			isa = PBXContainerItemProxy;
			containerPortal = D1D16D9D25DC5692007FEDD3 /* LibControl.xcodeproj */;
			proxyType = 1;
			remoteGlobalIDString = "LibControl::LibControl";
			remoteInfo = LibControl;
		};
		D1D16DAE25DC56A2007FEDD3 /* PBXContainerItemProxy */ = {
			isa = PBXContainerItemProxy;
			containerPortal = D1D16D8D25DC5685007FEDD3 /* OMBubbleTextView.xcodeproj */;
			proxyType = 1;
			remoteGlobalIDString = "OMBubbleTextView::OMBubbleTextView";
			remoteInfo = OMBubbleTextView;
		};
/* End PBXContainerItemProxy section */

/* Begin PBXFileReference section */
		D17A586E2559FB580016A698 /* TestUtils.swift */ = {isa = PBXFileReference; fileEncoding = 4; lastKnownFileType = sourcecode.swift; path = TestUtils.swift; sourceTree = "<group>"; };
		D1D16B3F25D684A8007FEDD3 /* OMScrollableChart+Stadistics.swift */ = {isa = PBXFileReference; fileEncoding = 4; lastKnownFileType = sourcecode.swift; name = "OMScrollableChart+Stadistics.swift"; path = "Sources/OMScrollableChart/OMScrollableChart+Stadistics.swift"; sourceTree = "<group>"; };
		D1D16B4025D684A8007FEDD3 /* OMScrollableChart+Path.swift */ = {isa = PBXFileReference; fileEncoding = 4; lastKnownFileType = sourcecode.swift; name = "OMScrollableChart+Path.swift"; path = "Sources/OMScrollableChart/OMScrollableChart+Path.swift"; sourceTree = "<group>"; };
		D1D16B4325D684A8007FEDD3 /* OMScrollableChart+Simplify.swift */ = {isa = PBXFileReference; fileEncoding = 4; lastKnownFileType = sourcecode.swift; name = "OMScrollableChart+Simplify.swift"; path = "Sources/OMScrollableChart/OMScrollableChart+Simplify.swift"; sourceTree = "<group>"; };
		D1D16B4425D684A8007FEDD3 /* OMScrollableChart+RenderLocatorProtocol.swift */ = {isa = PBXFileReference; fileEncoding = 4; lastKnownFileType = sourcecode.swift; name = "OMScrollableChart+RenderLocatorProtocol.swift"; path = "Sources/OMScrollableChart/OMScrollableChart+RenderLocatorProtocol.swift"; sourceTree = "<group>"; };
		D1D16B4625D684A8007FEDD3 /* OMScrollableLeadingChartRule.swift */ = {isa = PBXFileReference; fileEncoding = 4; lastKnownFileType = sourcecode.swift; name = OMScrollableLeadingChartRule.swift; path = Sources/OMScrollableChart/OMScrollableLeadingChartRule.swift; sourceTree = "<group>"; };
		D1D16B4725D684A9007FEDD3 /* LICENSE */ = {isa = PBXFileReference; fileEncoding = 4; lastKnownFileType = text; name = LICENSE; path = Sources/OMScrollableChart/LICENSE; sourceTree = "<group>"; };
		D1D16B4C25D684A9007FEDD3 /* OMScrollableChart+Tooltip.swift */ = {isa = PBXFileReference; fileEncoding = 4; lastKnownFileType = sourcecode.swift; name = "OMScrollableChart+Tooltip.swift"; path = "Sources/OMScrollableChart/OMScrollableChart+Tooltip.swift"; sourceTree = "<group>"; };
		D1D16B4E25D684A9007FEDD3 /* UIScrollView+Extensions.swift */ = {isa = PBXFileReference; fileEncoding = 4; lastKnownFileType = sourcecode.swift; name = "UIScrollView+Extensions.swift"; path = "Sources/OMScrollableChart/UIScrollView+Extensions.swift"; sourceTree = "<group>"; };
		D1D16B4F25D684A9007FEDD3 /* OMScrollableChart+Selection.swift */ = {isa = PBXFileReference; fileEncoding = 4; lastKnownFileType = sourcecode.swift; name = "OMScrollableChart+Selection.swift"; path = "Sources/OMScrollableChart/OMScrollableChart+Selection.swift"; sourceTree = "<group>"; };
		D1D16B5025D684A9007FEDD3 /* OMScrollableChart+Renders.swift */ = {isa = PBXFileReference; fileEncoding = 4; lastKnownFileType = sourcecode.swift; name = "OMScrollableChart+Renders.swift"; path = "Sources/OMScrollableChart/OMScrollableChart+Renders.swift"; sourceTree = "<group>"; };
		D1D16B5125D684A9007FEDD3 /* Example-Bridging-Header.h */ = {isa = PBXFileReference; fileEncoding = 4; lastKnownFileType = sourcecode.c.h; name = "Example-Bridging-Header.h"; path = "Sources/OMScrollableChart/Example-Bridging-Header.h"; sourceTree = "<group>"; };
		D1D16B5225D684A9007FEDD3 /* OMScrollableChart+Rules.swift */ = {isa = PBXFileReference; fileEncoding = 4; lastKnownFileType = sourcecode.swift; name = "OMScrollableChart+Rules.swift"; path = "Sources/OMScrollableChart/OMScrollableChart+Rules.swift"; sourceTree = "<group>"; };
		D1D16B5325D684A9007FEDD3 /* DiscreteScaledPointsGenerator.swift */ = {isa = PBXFileReference; fileEncoding = 4; lastKnownFileType = sourcecode.swift; name = DiscreteScaledPointsGenerator.swift; path = Sources/OMScrollableChart/DiscreteScaledPointsGenerator.swift; sourceTree = "<group>"; };
		D1D16B5725D684A9007FEDD3 /* OMScrollableChart+Animations.swift */ = {isa = PBXFileReference; fileEncoding = 4; lastKnownFileType = sourcecode.swift; name = "OMScrollableChart+Animations.swift"; path = "Sources/OMScrollableChart/OMScrollableChart+Animations.swift"; sourceTree = "<group>"; };
		D1D16B5E25D684A9007FEDD3 /* OMScrollableChart+Regression.swift */ = {isa = PBXFileReference; fileEncoding = 4; lastKnownFileType = sourcecode.swift; name = "OMScrollableChart+Regression.swift"; path = "Sources/OMScrollableChart/OMScrollableChart+Regression.swift"; sourceTree = "<group>"; };
		D1D16B6325D684A9007FEDD3 /* OMScrollableChart+PathRide.swift */ = {isa = PBXFileReference; fileEncoding = 4; lastKnownFileType = sourcecode.swift; name = "OMScrollableChart+PathRide.swift"; path = "Sources/OMScrollableChart/OMScrollableChart+PathRide.swift"; sourceTree = "<group>"; };
		D1D16B6425D684A9007FEDD3 /* OMScrollableChart.swift */ = {isa = PBXFileReference; fileEncoding = 4; lastKnownFileType = sourcecode.swift; name = OMScrollableChart.swift; path = Sources/OMScrollableChart/OMScrollableChart.swift; sourceTree = "<group>"; };
		D1D16D8D25DC5685007FEDD3 /* OMBubbleTextView.xcodeproj */ = {isa = PBXFileReference; lastKnownFileType = "wrapper.pb-project"; name = OMBubbleTextView.xcodeproj; path = ../OMBubbleTextView/OMBubbleTextView.xcodeproj; sourceTree = "<group>"; };
		D1D16D9D25DC5692007FEDD3 /* LibControl.xcodeproj */ = {isa = PBXFileReference; lastKnownFileType = "wrapper.pb-project"; name = LibControl.xcodeproj; path = ../LibControl/LibControl.xcodeproj; sourceTree = "<group>"; };
		D1D16E0725DC963F007FEDD3 /* RenderEngine.swift */ = {isa = PBXFileReference; lastKnownFileType = sourcecode.swift; path = RenderEngine.swift; sourceTree = "<group>"; };
		OBJ_58 /* OMScrollableChartTests.swift */ = {isa = PBXFileReference; lastKnownFileType = sourcecode.swift; path = OMScrollableChartTests.swift; sourceTree = "<group>"; };
		OBJ_59 /* XCTestManifests.swift */ = {isa = PBXFileReference; lastKnownFileType = sourcecode.swift; path = XCTestManifests.swift; sourceTree = "<group>"; };
		OBJ_6 /* Package.swift */ = {isa = PBXFileReference; explicitFileType = sourcecode.swift; path = Package.swift; sourceTree = "<group>"; };
		OBJ_64 /* LICENSE */ = {isa = PBXFileReference; lastKnownFileType = text; path = LICENSE; sourceTree = "<group>"; };
		OBJ_65 /* README.md */ = {isa = PBXFileReference; lastKnownFileType = net.daringfireball.markdown; path = README.md; sourceTree = "<group>"; };
		OBJ_8 /* ios.xcconfig */ = {isa = PBXFileReference; lastKnownFileType = text.xcconfig; name = ios.xcconfig; path = Sources/ios.xcconfig; sourceTree = "<group>"; };
		"OMScrollableChart::OMScrollableChart::Product" /* OMScrollableChart.framework */ = {isa = PBXFileReference; explicitFileType = wrapper.framework; path = OMScrollableChart.framework; sourceTree = BUILT_PRODUCTS_DIR; };
		"OMScrollableChart::OMScrollableChartTests::Product" /* OMScrollableChartTests.xctest */ = {isa = PBXFileReference; explicitFileType = wrapper.cfbundle; path = OMScrollableChartTests.xctest; sourceTree = BUILT_PRODUCTS_DIR; };
/* End PBXFileReference section */

/* Begin PBXFrameworksBuildPhase section */
		OBJ_107 /* Frameworks */ = {
			isa = PBXFrameworksBuildPhase;
			buildActionMask = 0;
			files = (
				D1D16DB125DC56AE007FEDD3 /* OMBubbleTextView.framework in Frameworks */,
				D1D16DB025DC56AA007FEDD3 /* LibControl.framework in Frameworks */,
			);
			runOnlyForDeploymentPostprocessing = 0;
		};
		OBJ_126 /* Frameworks */ = {
			isa = PBXFrameworksBuildPhase;
			buildActionMask = 0;
			files = (
				OBJ_127 /* OMScrollableChart.framework in Frameworks */,
			);
			runOnlyForDeploymentPostprocessing = 0;
		};
/* End PBXFrameworksBuildPhase section */

/* Begin PBXGroup section */
		D12B7A8C255B30C600CC29D8 /* Frameworks */ = {
			isa = PBXGroup;
			children = (
			);
			name = Frameworks;
			sourceTree = "<group>";
		};
		D1D16D8E25DC5685007FEDD3 /* Products */ = {
			isa = PBXGroup;
			children = (
				D1D16D9625DC5685007FEDD3 /* OMBubbleTextView.framework */,
				D1D16D9825DC5685007FEDD3 /* OMBubbleTextViewTests.xctest */,
			);
			name = Products;
			sourceTree = "<group>";
		};
		D1D16D9E25DC5692007FEDD3 /* Products */ = {
			isa = PBXGroup;
			children = (
				D1D16DA525DC5692007FEDD3 /* LibControl.framework */,
				D1D16DA725DC5692007FEDD3 /* LibControlTests.xctest */,
			);
			name = Products;
			sourceTree = "<group>";
		};
		OBJ_5 = {
			isa = PBXGroup;
			children = (
				D1D16D9D25DC5692007FEDD3 /* LibControl.xcodeproj */,
				D1D16D8D25DC5685007FEDD3 /* OMBubbleTextView.xcodeproj */,
				OBJ_6 /* Package.swift */,
				OBJ_7 /* Configs */,
				OBJ_9 /* Sources */,
				OBJ_56 /* Tests */,
				OBJ_60 /* Products */,
				OBJ_64 /* LICENSE */,
				OBJ_65 /* README.md */,
				D12B7A8C255B30C600CC29D8 /* Frameworks */,
			);
			sourceTree = "<group>";
		};
		OBJ_56 /* Tests */ = {
			isa = PBXGroup;
			children = (
				OBJ_57 /* OMScrollableChartTests */,
			);
			name = Tests;
			sourceTree = SOURCE_ROOT;
		};
		OBJ_57 /* OMScrollableChartTests */ = {
			isa = PBXGroup;
			children = (
				D17A586E2559FB580016A698 /* TestUtils.swift */,
				OBJ_58 /* OMScrollableChartTests.swift */,
				OBJ_59 /* XCTestManifests.swift */,
			);
			name = OMScrollableChartTests;
			path = Tests/OMScrollableChartTests;
			sourceTree = SOURCE_ROOT;
		};
		OBJ_60 /* Products */ = {
			isa = PBXGroup;
			children = (
				"OMScrollableChart::OMScrollableChartTests::Product" /* OMScrollableChartTests.xctest */,
				"OMScrollableChart::OMScrollableChart::Product" /* OMScrollableChart.framework */,
			);
			name = Products;
			sourceTree = BUILT_PRODUCTS_DIR;
		};
		OBJ_7 /* Configs */ = {
			isa = PBXGroup;
			children = (
				OBJ_8 /* ios.xcconfig */,
			);
			name = Configs;
			sourceTree = "<group>";
		};
		OBJ_9 /* Sources */ = {
			isa = PBXGroup;
			children = (
				D1D16B4E25D684A9007FEDD3 /* UIScrollView+Extensions.swift */,
				D1D16B5325D684A9007FEDD3 /* DiscreteScaledPointsGenerator.swift */,
				D1D16E0725DC963F007FEDD3 /* RenderEngine.swift */,
				D1D16B5125D684A9007FEDD3 /* Example-Bridging-Header.h */,
				D1D16B4725D684A9007FEDD3 /* LICENSE */,
				D1D16B6425D684A9007FEDD3 /* OMScrollableChart.swift */,
				D1D16B5725D684A9007FEDD3 /* OMScrollableChart+Animations.swift */,
				D1D16B4025D684A8007FEDD3 /* OMScrollableChart+Path.swift */,
				D1D16B6325D684A9007FEDD3 /* OMScrollableChart+PathRide.swift */,
				D1D16B5E25D684A9007FEDD3 /* OMScrollableChart+Regression.swift */,
				D1D16B5025D684A9007FEDD3 /* OMScrollableChart+Renders.swift */,
				D1D16B4425D684A8007FEDD3 /* OMScrollableChart+RenderLocatorProtocol.swift */,
				D1D16B5225D684A9007FEDD3 /* OMScrollableChart+Rules.swift */,
				D1D16B4F25D684A9007FEDD3 /* OMScrollableChart+Selection.swift */,
				D1D16B4325D684A8007FEDD3 /* OMScrollableChart+Simplify.swift */,
				D1D16B3F25D684A8007FEDD3 /* OMScrollableChart+Stadistics.swift */,
				D1D16B4C25D684A9007FEDD3 /* OMScrollableChart+Tooltip.swift */,
				D1D16B4625D684A8007FEDD3 /* OMScrollableLeadingChartRule.swift */,
			);
			name = Sources;
			sourceTree = SOURCE_ROOT;
		};
/* End PBXGroup section */

/* Begin PBXNativeTarget section */
		"OMScrollableChart::OMScrollableChart" /* OMScrollableChart */ = {
			isa = PBXNativeTarget;
			buildConfigurationList = OBJ_67 /* Build configuration list for PBXNativeTarget "OMScrollableChart" */;
			buildPhases = (
				OBJ_70 /* Sources */,
				OBJ_107 /* Frameworks */,
			);
			buildRules = (
			);
			dependencies = (
				D1D16DAF25DC56A2007FEDD3 /* PBXTargetDependency */,
				D1D16DAD25DC569E007FEDD3 /* PBXTargetDependency */,
			);
			name = OMScrollableChart;
			productName = OMScrollableChart;
			productReference = "OMScrollableChart::OMScrollableChart::Product" /* OMScrollableChart.framework */;
			productType = "com.apple.product-type.framework";
		};
		"OMScrollableChart::OMScrollableChartTests" /* OMScrollableChartTests */ = {
			isa = PBXNativeTarget;
			buildConfigurationList = OBJ_120 /* Build configuration list for PBXNativeTarget "OMScrollableChartTests" */;
			buildPhases = (
				OBJ_123 /* Sources */,
				OBJ_126 /* Frameworks */,
			);
			buildRules = (
			);
			dependencies = (
				OBJ_128 /* PBXTargetDependency */,
			);
			name = OMScrollableChartTests;
			productName = OMScrollableChartTests;
			productReference = "OMScrollableChart::OMScrollableChartTests::Product" /* OMScrollableChartTests.xctest */;
			productType = "com.apple.product-type.bundle.unit-test";
		};
		"OMScrollableChart::SwiftPMPackageDescription" /* OMScrollableChartPackageDescription */ = {
			isa = PBXNativeTarget;
			buildConfigurationList = OBJ_109 /* Build configuration list for PBXNativeTarget "OMScrollableChartPackageDescription" */;
			buildPhases = (
				OBJ_112 /* Sources */,
			);
			buildRules = (
			);
			dependencies = (
			);
			name = OMScrollableChartPackageDescription;
			productName = OMScrollableChartPackageDescription;
			productType = "com.apple.product-type.framework";
		};
/* End PBXNativeTarget section */

/* Begin PBXProject section */
		OBJ_1 /* Project object */ = {
			isa = PBXProject;
			attributes = {
				LastSwiftMigration = 9999;
				LastUpgradeCheck = 9999;
				TargetAttributes = {
					"OMScrollableChart::OMScrollableChart" = {
						LastSwiftMigration = 1240;
					};
				};
			};
			buildConfigurationList = OBJ_2 /* Build configuration list for PBXProject "OMScrollableChart" */;
			compatibilityVersion = "Xcode 3.2";
			developmentRegion = en;
			hasScannedForEncodings = 0;
			knownRegions = (
				en,
			);
			mainGroup = OBJ_5;
			productRefGroup = OBJ_60 /* Products */;
			projectDirPath = "";
			projectReferences = (
				{
					ProductGroup = D1D16D9E25DC5692007FEDD3 /* Products */;
					ProjectRef = D1D16D9D25DC5692007FEDD3 /* LibControl.xcodeproj */;
				},
				{
					ProductGroup = D1D16D8E25DC5685007FEDD3 /* Products */;
					ProjectRef = D1D16D8D25DC5685007FEDD3 /* OMBubbleTextView.xcodeproj */;
				},
			);
			projectRoot = "";
			targets = (
				"OMScrollableChart::OMScrollableChart" /* OMScrollableChart */,
				"OMScrollableChart::SwiftPMPackageDescription" /* OMScrollableChartPackageDescription */,
				"OMScrollableChart::OMScrollableChartPackageTests::ProductTarget" /* OMScrollableChartPackageTests */,
				"OMScrollableChart::OMScrollableChartTests" /* OMScrollableChartTests */,
			);
		};
/* End PBXProject section */

/* Begin PBXReferenceProxy section */
		D1D16D9625DC5685007FEDD3 /* OMBubbleTextView.framework */ = {
			isa = PBXReferenceProxy;
			fileType = wrapper.framework;
			path = OMBubbleTextView.framework;
			remoteRef = D1D16D9525DC5685007FEDD3 /* PBXContainerItemProxy */;
			sourceTree = BUILT_PRODUCTS_DIR;
		};
		D1D16D9825DC5685007FEDD3 /* OMBubbleTextViewTests.xctest */ = {
			isa = PBXReferenceProxy;
			fileType = wrapper.cfbundle;
			path = OMBubbleTextViewTests.xctest;
			remoteRef = D1D16D9725DC5685007FEDD3 /* PBXContainerItemProxy */;
			sourceTree = BUILT_PRODUCTS_DIR;
		};
		D1D16DA525DC5692007FEDD3 /* LibControl.framework */ = {
			isa = PBXReferenceProxy;
			fileType = wrapper.framework;
			path = LibControl.framework;
			remoteRef = D1D16DA425DC5692007FEDD3 /* PBXContainerItemProxy */;
			sourceTree = BUILT_PRODUCTS_DIR;
		};
		D1D16DA725DC5692007FEDD3 /* LibControlTests.xctest */ = {
			isa = PBXReferenceProxy;
			fileType = wrapper.cfbundle;
			path = LibControlTests.xctest;
			remoteRef = D1D16DA625DC5692007FEDD3 /* PBXContainerItemProxy */;
			sourceTree = BUILT_PRODUCTS_DIR;
		};
/* End PBXReferenceProxy section */

/* Begin PBXSourcesBuildPhase section */
		OBJ_112 /* Sources */ = {
			isa = PBXSourcesBuildPhase;
			buildActionMask = 0;
			files = (
				OBJ_113 /* Package.swift in Sources */,
			);
			runOnlyForDeploymentPostprocessing = 0;
		};
		OBJ_123 /* Sources */ = {
			isa = PBXSourcesBuildPhase;
			buildActionMask = 0;
			files = (
				OBJ_124 /* OMScrollableChartTests.swift in Sources */,
				D17A586F2559FB580016A698 /* TestUtils.swift in Sources */,
				OBJ_125 /* XCTestManifests.swift in Sources */,
			);
			runOnlyForDeploymentPostprocessing = 0;
		};
		OBJ_70 /* Sources */ = {
			isa = PBXSourcesBuildPhase;
			buildActionMask = 0;
			files = (
				D1D16B6A25D684AA007FEDD3 /* OMScrollableChart+RenderLocatorProtocol.swift in Sources */,
				D1D16E0825DC963F007FEDD3 /* RenderEngine.swift in Sources */,
				D1D16B8425D684AA007FEDD3 /* OMScrollableChart.swift in Sources */,
				D1D16B6C25D684AA007FEDD3 /* OMScrollableLeadingChartRule.swift in Sources */,
				D1D16B8325D684AA007FEDD3 /* OMScrollableChart+PathRide.swift in Sources */,
				D1D16B7625D684AA007FEDD3 /* DiscreteScaledPointsGenerator.swift in Sources */,
				D1D16B7425D684AA007FEDD3 /* OMScrollableChart+Renders.swift in Sources */,
				D1D16B7025D684AA007FEDD3 /* OMScrollableChart+Tooltip.swift in Sources */,
				D1D16B7F25D684AA007FEDD3 /* OMScrollableChart+Regression.swift in Sources */,
				D1D16B7925D684AA007FEDD3 /* OMScrollableChart+Animations.swift in Sources */,
				D1D16B6925D684AA007FEDD3 /* OMScrollableChart+Simplify.swift in Sources */,
				D1D16B6625D684AA007FEDD3 /* OMScrollableChart+Path.swift in Sources */,
				D1D16B7525D684AA007FEDD3 /* OMScrollableChart+Rules.swift in Sources */,
				D1D16B6525D684AA007FEDD3 /* OMScrollableChart+Stadistics.swift in Sources */,
				D1D16B7325D684AA007FEDD3 /* OMScrollableChart+Selection.swift in Sources */,
				D1D16B7225D684AA007FEDD3 /* UIScrollView+Extensions.swift in Sources */,
			);
			runOnlyForDeploymentPostprocessing = 0;
		};
/* End PBXSourcesBuildPhase section */

/* Begin PBXTargetDependency section */
		D1D16DAD25DC569E007FEDD3 /* PBXTargetDependency */ = {
			isa = PBXTargetDependency;
			name = LibControl;
			targetProxy = D1D16DAC25DC569E007FEDD3 /* PBXContainerItemProxy */;
		};
		D1D16DAF25DC56A2007FEDD3 /* PBXTargetDependency */ = {
			isa = PBXTargetDependency;
			name = OMBubbleTextView;
			targetProxy = D1D16DAE25DC56A2007FEDD3 /* PBXContainerItemProxy */;
		};
		OBJ_118 /* PBXTargetDependency */ = {
			isa = PBXTargetDependency;
			target = "OMScrollableChart::OMScrollableChartTests" /* OMScrollableChartTests */;
			targetProxy = D17A58652559F8650016A698 /* PBXContainerItemProxy */;
		};
		OBJ_128 /* PBXTargetDependency */ = {
			isa = PBXTargetDependency;
			target = "OMScrollableChart::OMScrollableChart" /* OMScrollableChart */;
			targetProxy = D17A58622559F85C0016A698 /* PBXContainerItemProxy */;
		};
/* End PBXTargetDependency section */

/* Begin XCBuildConfiguration section */
		OBJ_110 /* Debug */ = {
			isa = XCBuildConfiguration;
			buildSettings = {
				LD = /usr/bin/true;
				OTHER_SWIFT_FLAGS = "-swift-version 5 -I $(TOOLCHAIN_DIR)/usr/lib/swift/pm/4_2 -sdk /Applications/Xcode.app/Contents/Developer/Platforms/MacOSX.platform/Developer/SDKs/MacOSX10.15.sdk -package-description-version 5.3.0";
				SWIFT_VERSION = 5.0;
			};
			name = Debug;
		};
		OBJ_111 /* Release */ = {
			isa = XCBuildConfiguration;
			buildSettings = {
				LD = /usr/bin/true;
				OTHER_SWIFT_FLAGS = "-swift-version 5 -I $(TOOLCHAIN_DIR)/usr/lib/swift/pm/4_2 -sdk /Applications/Xcode.app/Contents/Developer/Platforms/MacOSX.platform/Developer/SDKs/MacOSX10.15.sdk -package-description-version 5.3.0";
				SWIFT_VERSION = 5.0;
			};
			name = Release;
		};
		OBJ_116 /* Debug */ = {
			isa = XCBuildConfiguration;
			buildSettings = {
			};
			name = Debug;
		};
		OBJ_117 /* Release */ = {
			isa = XCBuildConfiguration;
			buildSettings = {
			};
			name = Release;
		};
		OBJ_121 /* Debug */ = {
			isa = XCBuildConfiguration;
			baseConfigurationReference = OBJ_8 /* ios.xcconfig */;
			buildSettings = {
				ALWAYS_EMBED_SWIFT_STANDARD_LIBRARIES = YES;
				CLANG_ENABLE_MODULES = YES;
				EMBEDDED_CONTENT_CONTAINS_SWIFT = YES;
				FRAMEWORK_SEARCH_PATHS = (
					"$(inherited)",
					"$(PLATFORM_DIR)/Developer/Library/Frameworks",
				);
				HEADER_SEARCH_PATHS = "$(inherited)";
				INFOPLIST_FILE = OMScrollableChart.xcodeproj/OMScrollableChartTests_Info.plist;
				IPHONEOS_DEPLOYMENT_TARGET = 13.5;
				LD_RUNPATH_SEARCH_PATHS = "$(inherited) @loader_path/../Frameworks @loader_path/Frameworks";
				MACOSX_DEPLOYMENT_TARGET = 10.15;
				OTHER_CFLAGS = "$(inherited)";
				OTHER_LDFLAGS = "$(inherited)";
				OTHER_SWIFT_FLAGS = "$(inherited)";
				SWIFT_ACTIVE_COMPILATION_CONDITIONS = "$(inherited)";
				SWIFT_VERSION = 5.0;
				TARGET_NAME = OMScrollableChartTests;
				TVOS_DEPLOYMENT_TARGET = 9.0;
				WATCHOS_DEPLOYMENT_TARGET = 2.0;
			};
			name = Debug;
		};
		OBJ_122 /* Release */ = {
			isa = XCBuildConfiguration;
			baseConfigurationReference = OBJ_8 /* ios.xcconfig */;
			buildSettings = {
				ALWAYS_EMBED_SWIFT_STANDARD_LIBRARIES = YES;
				CLANG_ENABLE_MODULES = YES;
				EMBEDDED_CONTENT_CONTAINS_SWIFT = YES;
				FRAMEWORK_SEARCH_PATHS = (
					"$(inherited)",
					"$(PLATFORM_DIR)/Developer/Library/Frameworks",
				);
				HEADER_SEARCH_PATHS = "$(inherited)";
				INFOPLIST_FILE = OMScrollableChart.xcodeproj/OMScrollableChartTests_Info.plist;
				IPHONEOS_DEPLOYMENT_TARGET = 13.5;
				LD_RUNPATH_SEARCH_PATHS = "$(inherited) @loader_path/../Frameworks @loader_path/Frameworks";
				MACOSX_DEPLOYMENT_TARGET = 10.15;
				OTHER_CFLAGS = "$(inherited)";
				OTHER_LDFLAGS = "$(inherited)";
				OTHER_SWIFT_FLAGS = "$(inherited)";
				SWIFT_ACTIVE_COMPILATION_CONDITIONS = "$(inherited)";
				SWIFT_VERSION = 5.0;
				TARGET_NAME = OMScrollableChartTests;
				TVOS_DEPLOYMENT_TARGET = 9.0;
				WATCHOS_DEPLOYMENT_TARGET = 2.0;
			};
			name = Release;
		};
		OBJ_3 /* Debug */ = {
			isa = XCBuildConfiguration;
			buildSettings = {
				CLANG_ENABLE_OBJC_ARC = YES;
				COMBINE_HIDPI_IMAGES = YES;
				COPY_PHASE_STRIP = NO;
				DEBUG_INFORMATION_FORMAT = dwarf;
				DYLIB_INSTALL_NAME_BASE = "@rpath";
				ENABLE_NS_ASSERTIONS = YES;
				GCC_OPTIMIZATION_LEVEL = 0;
				GCC_PREPROCESSOR_DEFINITIONS = (
					"$(inherited)",
					"SWIFT_PACKAGE=1",
					"DEBUG=1",
				);
				MACOSX_DEPLOYMENT_TARGET = 10.10;
				ONLY_ACTIVE_ARCH = YES;
				OTHER_SWIFT_FLAGS = "$(inherited) -DXcode";
				PRODUCT_NAME = "$(TARGET_NAME)";
				SDKROOT = macosx;
				SUPPORTED_PLATFORMS = "macosx iphoneos iphonesimulator appletvos appletvsimulator watchos watchsimulator";
				SWIFT_ACTIVE_COMPILATION_CONDITIONS = "$(inherited) SWIFT_PACKAGE DEBUG";
				SWIFT_OPTIMIZATION_LEVEL = "-Onone";
				USE_HEADERMAP = NO;
			};
			name = Debug;
		};
		OBJ_4 /* Release */ = {
			isa = XCBuildConfiguration;
			buildSettings = {
				CLANG_ENABLE_OBJC_ARC = YES;
				COMBINE_HIDPI_IMAGES = YES;
				COPY_PHASE_STRIP = YES;
				DEBUG_INFORMATION_FORMAT = "dwarf-with-dsym";
				DYLIB_INSTALL_NAME_BASE = "@rpath";
				GCC_OPTIMIZATION_LEVEL = s;
				GCC_PREPROCESSOR_DEFINITIONS = (
					"$(inherited)",
					"SWIFT_PACKAGE=1",
				);
				MACOSX_DEPLOYMENT_TARGET = 10.10;
				OTHER_SWIFT_FLAGS = "$(inherited) -DXcode";
				PRODUCT_NAME = "$(TARGET_NAME)";
				SDKROOT = macosx;
				SUPPORTED_PLATFORMS = "macosx iphoneos iphonesimulator appletvos appletvsimulator watchos watchsimulator";
				SWIFT_ACTIVE_COMPILATION_CONDITIONS = "$(inherited) SWIFT_PACKAGE";
				SWIFT_OPTIMIZATION_LEVEL = "-Owholemodule";
				USE_HEADERMAP = NO;
			};
			name = Release;
		};
		OBJ_68 /* Debug */ = {
			isa = XCBuildConfiguration;
			baseConfigurationReference = OBJ_8 /* ios.xcconfig */;
			buildSettings = {
				CLANG_ENABLE_MODULES = YES;
				DEFINES_MODULE = YES;
				ENABLE_TESTABILITY = YES;
				FRAMEWORK_SEARCH_PATHS = (
					"$(inherited)",
					"$(PLATFORM_DIR)/Developer/Library/Frameworks",
				);
				HEADER_SEARCH_PATHS = "$(inherited)";
				INFOPLIST_FILE = OMScrollableChart.xcodeproj/OMScrollableChart_Info.plist;
				IPHONEOS_DEPLOYMENT_TARGET = 13.0;
				LD_RUNPATH_SEARCH_PATHS = "$(inherited) $(TOOLCHAIN_DIR)/usr/lib/swift/macosx";
				MACOSX_DEPLOYMENT_TARGET = 10.10;
				OTHER_CFLAGS = "$(inherited)";
				OTHER_LDFLAGS = "$(inherited)";
				OTHER_SWIFT_FLAGS = "$(inherited)";
				PRODUCT_BUNDLE_IDENTIFIER = OMScrollableChart;
				PRODUCT_MODULE_NAME = "$(TARGET_NAME:c99extidentifier)";
				PRODUCT_NAME = "$(TARGET_NAME:c99extidentifier)";
				SKIP_INSTALL = YES;
				SWIFT_ACTIVE_COMPILATION_CONDITIONS = "$(inherited)";
				SWIFT_OPTIMIZATION_LEVEL = "-Onone";
				SWIFT_VERSION = 5.0;
				TARGET_NAME = OMScrollableChart;
				TVOS_DEPLOYMENT_TARGET = 9.0;
				WATCHOS_DEPLOYMENT_TARGET = 2.0;
			};
			name = Debug;
		};
		OBJ_69 /* Release */ = {
			isa = XCBuildConfiguration;
			baseConfigurationReference = OBJ_8 /* ios.xcconfig */;
			buildSettings = {
				CLANG_ENABLE_MODULES = YES;
				DEFINES_MODULE = YES;
				ENABLE_TESTABILITY = YES;
				FRAMEWORK_SEARCH_PATHS = (
					"$(inherited)",
					"$(PLATFORM_DIR)/Developer/Library/Frameworks",
				);
				HEADER_SEARCH_PATHS = "$(inherited)";
				INFOPLIST_FILE = OMScrollableChart.xcodeproj/OMScrollableChart_Info.plist;
				IPHONEOS_DEPLOYMENT_TARGET = 13.0;
				LD_RUNPATH_SEARCH_PATHS = "$(inherited) $(TOOLCHAIN_DIR)/usr/lib/swift/macosx";
				MACOSX_DEPLOYMENT_TARGET = 10.10;
				OTHER_CFLAGS = "$(inherited)";
				OTHER_LDFLAGS = "$(inherited)";
				OTHER_SWIFT_FLAGS = "$(inherited)";
				PRODUCT_BUNDLE_IDENTIFIER = OMScrollableChart;
				PRODUCT_MODULE_NAME = "$(TARGET_NAME:c99extidentifier)";
				PRODUCT_NAME = "$(TARGET_NAME:c99extidentifier)";
				SKIP_INSTALL = YES;
				SWIFT_ACTIVE_COMPILATION_CONDITIONS = "$(inherited)";
				SWIFT_VERSION = 5.0;
				TARGET_NAME = OMScrollableChart;
				TVOS_DEPLOYMENT_TARGET = 9.0;
				WATCHOS_DEPLOYMENT_TARGET = 2.0;
			};
			name = Release;
		};
/* End XCBuildConfiguration section */

/* Begin XCConfigurationList section */
		OBJ_109 /* Build configuration list for PBXNativeTarget "OMScrollableChartPackageDescription" */ = {
			isa = XCConfigurationList;
			buildConfigurations = (
				OBJ_110 /* Debug */,
				OBJ_111 /* Release */,
			);
			defaultConfigurationIsVisible = 0;
			defaultConfigurationName = Release;
		};
		OBJ_115 /* Build configuration list for PBXAggregateTarget "OMScrollableChartPackageTests" */ = {
			isa = XCConfigurationList;
			buildConfigurations = (
				OBJ_116 /* Debug */,
				OBJ_117 /* Release */,
			);
			defaultConfigurationIsVisible = 0;
			defaultConfigurationName = Release;
		};
		OBJ_120 /* Build configuration list for PBXNativeTarget "OMScrollableChartTests" */ = {
			isa = XCConfigurationList;
			buildConfigurations = (
				OBJ_121 /* Debug */,
				OBJ_122 /* Release */,
			);
			defaultConfigurationIsVisible = 0;
			defaultConfigurationName = Release;
		};
		OBJ_2 /* Build configuration list for PBXProject "OMScrollableChart" */ = {
			isa = XCConfigurationList;
			buildConfigurations = (
				OBJ_3 /* Debug */,
				OBJ_4 /* Release */,
			);
			defaultConfigurationIsVisible = 0;
			defaultConfigurationName = Release;
		};
		OBJ_67 /* Build configuration list for PBXNativeTarget "OMScrollableChart" */ = {
			isa = XCConfigurationList;
			buildConfigurations = (
				OBJ_68 /* Debug */,
				OBJ_69 /* Release */,
			);
			defaultConfigurationIsVisible = 0;
			defaultConfigurationName = Release;
		};
/* End XCConfigurationList section */
	};
	rootObject = OBJ_1 /* Project object */;
}
